
Microsoft Visual Studio Solution File, Format Version 12.00
Project("{FAE04EC0-301F-11D3-BF4B-00C04F79EFBC}") = "Day01", "Day01\Day01.csproj", "{8C4CE35A-6CDE-4B4B-ABAA-6EF8E1495973}"
EndProject
Project("{FAE04EC0-301F-11D3-BF4B-00C04F79EFBC}") = "Input", "Input\Input.csproj", "{ED5DA069-0899-4C10-8276-C1EB1CEB2838}"
EndProject
Project("{FAE04EC0-301F-11D3-BF4B-00C04F79EFBC}") = "Day02", "Day02\Day02.csproj", "{3E11A493-8EEF-4C75-AFF2-F8A7BE609F48}"
EndProject
Project("{FAE04EC0-301F-11D3-BF4B-00C04F79EFBC}") = "Day03", "Day03\Day03.csproj", "{C160BA0E-CBB6-4CD4-B3C6-18822806F3A9}"
EndProject
Project("{FAE04EC0-301F-11D3-BF4B-00C04F79EFBC}") = "Day04", "Day04\Day04.csproj", "{269AA957-7073-42B9-8375-E782B46AFDDF}"
EndProject
Project("{FAE04EC0-301F-11D3-BF4B-00C04F79EFBC}") = "Day05", "Day05\Day05.csproj", "{7DF47C66-E566-4B19-BFBF-20F3E4219EB5}"
EndProject
Project("{FAE04EC0-301F-11D3-BF4B-00C04F79EFBC}") = "Day06", "Day06\Day06.csproj", "{8C274A4D-6740-4E8A-95FB-CDBD96331DE5}"
EndProject
Project("{FAE04EC0-301F-11D3-BF4B-00C04F79EFBC}") = "Day07", "Day07\Day07.csproj", "{CDB52FDB-5437-4598-909C-BEE3861553B3}"
EndProject
Project("{FAE04EC0-301F-11D3-BF4B-00C04F79EFBC}") = "Day08", "Day08\Day08.csproj", "{E9033EE1-A1F4-40B8-AE10-6364697EF96D}"
EndProject
Project("{FAE04EC0-301F-11D3-BF4B-00C04F79EFBC}") = "Day09", "Day09\Day09.csproj", "{10578889-5CD1-49F8-9355-C2601298482B}"
EndProject
Project("{FAE04EC0-301F-11D3-BF4B-00C04F79EFBC}") = "Day10", "Day10\Day10.csproj", "{A69B75E7-6427-4E8C-9874-699022384944}"
EndProject
Project("{FAE04EC0-301F-11D3-BF4B-00C04F79EFBC}") = "Day12", "Day12\Day12.csproj", "{D2766E6B-5CED-4097-9CDF-6808F82C6D34}"
EndProject
Global
	GlobalSection(SolutionConfigurationPlatforms) = preSolution
		Debug|Any CPU = Debug|Any CPU
		Release|Any CPU = Release|Any CPU
	EndGlobalSection
	GlobalSection(ProjectConfigurationPlatforms) = postSolution
		{8C4CE35A-6CDE-4B4B-ABAA-6EF8E1495973}.Debug|Any CPU.ActiveCfg = Debug|Any CPU
		{8C4CE35A-6CDE-4B4B-ABAA-6EF8E1495973}.Debug|Any CPU.Build.0 = Debug|Any CPU
		{8C4CE35A-6CDE-4B4B-ABAA-6EF8E1495973}.Release|Any CPU.ActiveCfg = Release|Any CPU
		{8C4CE35A-6CDE-4B4B-ABAA-6EF8E1495973}.Release|Any CPU.Build.0 = Release|Any CPU
		{ED5DA069-0899-4C10-8276-C1EB1CEB2838}.Debug|Any CPU.ActiveCfg = Debug|Any CPU
		{ED5DA069-0899-4C10-8276-C1EB1CEB2838}.Debug|Any CPU.Build.0 = Debug|Any CPU
		{ED5DA069-0899-4C10-8276-C1EB1CEB2838}.Release|Any CPU.ActiveCfg = Release|Any CPU
		{ED5DA069-0899-4C10-8276-C1EB1CEB2838}.Release|Any CPU.Build.0 = Release|Any CPU
		{3E11A493-8EEF-4C75-AFF2-F8A7BE609F48}.Debug|Any CPU.ActiveCfg = Debug|Any CPU
		{3E11A493-8EEF-4C75-AFF2-F8A7BE609F48}.Debug|Any CPU.Build.0 = Debug|Any CPU
		{3E11A493-8EEF-4C75-AFF2-F8A7BE609F48}.Release|Any CPU.ActiveCfg = Release|Any CPU
		{3E11A493-8EEF-4C75-AFF2-F8A7BE609F48}.Release|Any CPU.Build.0 = Release|Any CPU
		{C160BA0E-CBB6-4CD4-B3C6-18822806F3A9}.Debug|Any CPU.ActiveCfg = Debug|Any CPU
		{C160BA0E-CBB6-4CD4-B3C6-18822806F3A9}.Debug|Any CPU.Build.0 = Debug|Any CPU
		{C160BA0E-CBB6-4CD4-B3C6-18822806F3A9}.Release|Any CPU.ActiveCfg = Release|Any CPU
		{C160BA0E-CBB6-4CD4-B3C6-18822806F3A9}.Release|Any CPU.Build.0 = Release|Any CPU
		{269AA957-7073-42B9-8375-E782B46AFDDF}.Debug|Any CPU.ActiveCfg = Debug|Any CPU
		{269AA957-7073-42B9-8375-E782B46AFDDF}.Debug|Any CPU.Build.0 = Debug|Any CPU
		{269AA957-7073-42B9-8375-E782B46AFDDF}.Release|Any CPU.ActiveCfg = Release|Any CPU
		{269AA957-7073-42B9-8375-E782B46AFDDF}.Release|Any CPU.Build.0 = Release|Any CPU
		{7DF47C66-E566-4B19-BFBF-20F3E4219EB5}.Debug|Any CPU.ActiveCfg = Debug|Any CPU
		{7DF47C66-E566-4B19-BFBF-20F3E4219EB5}.Debug|Any CPU.Build.0 = Debug|Any CPU
		{7DF47C66-E566-4B19-BFBF-20F3E4219EB5}.Release|Any CPU.ActiveCfg = Release|Any CPU
		{7DF47C66-E566-4B19-BFBF-20F3E4219EB5}.Release|Any CPU.Build.0 = Release|Any CPU
		{8C274A4D-6740-4E8A-95FB-CDBD96331DE5}.Debug|Any CPU.ActiveCfg = Debug|Any CPU
		{8C274A4D-6740-4E8A-95FB-CDBD96331DE5}.Debug|Any CPU.Build.0 = Debug|Any CPU
		{8C274A4D-6740-4E8A-95FB-CDBD96331DE5}.Release|Any CPU.ActiveCfg = Release|Any CPU
		{8C274A4D-6740-4E8A-95FB-CDBD96331DE5}.Release|Any CPU.Build.0 = Release|Any CPU
		{CDB52FDB-5437-4598-909C-BEE3861553B3}.Debug|Any CPU.ActiveCfg = Debug|Any CPU
		{CDB52FDB-5437-4598-909C-BEE3861553B3}.Debug|Any CPU.Build.0 = Debug|Any CPU
		{CDB52FDB-5437-4598-909C-BEE3861553B3}.Release|Any CPU.ActiveCfg = Release|Any CPU
		{CDB52FDB-5437-4598-909C-BEE3861553B3}.Release|Any CPU.Build.0 = Release|Any CPU
		{E9033EE1-A1F4-40B8-AE10-6364697EF96D}.Debug|Any CPU.ActiveCfg = Debug|Any CPU
		{E9033EE1-A1F4-40B8-AE10-6364697EF96D}.Debug|Any CPU.Build.0 = Debug|Any CPU
		{E9033EE1-A1F4-40B8-AE10-6364697EF96D}.Release|Any CPU.ActiveCfg = Release|Any CPU
		{E9033EE1-A1F4-40B8-AE10-6364697EF96D}.Release|Any CPU.Build.0 = Release|Any CPU
		{10578889-5CD1-49F8-9355-C2601298482B}.Debug|Any CPU.ActiveCfg = Debug|Any CPU
		{10578889-5CD1-49F8-9355-C2601298482B}.Debug|Any CPU.Build.0 = Debug|Any CPU
		{10578889-5CD1-49F8-9355-C2601298482B}.Release|Any CPU.ActiveCfg = Release|Any CPU
		{10578889-5CD1-49F8-9355-C2601298482B}.Release|Any CPU.Build.0 = Release|Any CPU
		{A69B75E7-6427-4E8C-9874-699022384944}.Debug|Any CPU.ActiveCfg = Debug|Any CPU
		{A69B75E7-6427-4E8C-9874-699022384944}.Debug|Any CPU.Build.0 = Debug|Any CPU
		{A69B75E7-6427-4E8C-9874-699022384944}.Release|Any CPU.ActiveCfg = Release|Any CPU
		{A69B75E7-6427-4E8C-9874-699022384944}.Release|Any CPU.Build.0 = Release|Any CPU
		{D2766E6B-5CED-4097-9CDF-6808F82C6D34}.Debug|Any CPU.ActiveCfg = Debug|Any CPU
		{D2766E6B-5CED-4097-9CDF-6808F82C6D34}.Debug|Any CPU.Build.0 = Debug|Any CPU
		{D2766E6B-5CED-4097-9CDF-6808F82C6D34}.Release|Any CPU.ActiveCfg = Release|Any CPU
		{D2766E6B-5CED-4097-9CDF-6808F82C6D34}.Release|Any CPU.Build.0 = Release|Any CPU
	EndGlobalSection
EndGlobal
